// !$*UTF8*$!
{
	archiveVersion = 1;
	classes = {
	};
	objectVersion = 51;
	objects = {

/* Begin PBXBuildFile section */
		209665D0A050F2F04C79DA39 /* Pods_EventGroup_EventGroupUITests.framework in Frameworks */ = {isa = PBXBuildFile; fileRef = 5F67C59A53C008685D4138B4 /* Pods_EventGroup_EventGroupUITests.framework */; };
		8559414A825D7E0DC1DA6B72 /* Pods_EventGroupTests.framework in Frameworks */ = {isa = PBXBuildFile; fileRef = D91DEEBCCB9E5C7B0112B5F2 /* Pods_EventGroupTests.framework */; };
		F50ED14F2620BC0B00799409 /* AppDelegate.swift in Sources */ = {isa = PBXBuildFile; fileRef = F50ED14E2620BC0B00799409 /* AppDelegate.swift */; };
		F50ED1512620BC0B00799409 /* SceneDelegate.swift in Sources */ = {isa = PBXBuildFile; fileRef = F50ED1502620BC0B00799409 /* SceneDelegate.swift */; };
		F50ED1532620BC0B00799409 /* MainVC.swift in Sources */ = {isa = PBXBuildFile; fileRef = F50ED1522620BC0B00799409 /* MainVC.swift */; };
		F50ED1562620BC0B00799409 /* Main.storyboard in Resources */ = {isa = PBXBuildFile; fileRef = F50ED1542620BC0B00799409 /* Main.storyboard */; };
		F50ED1582620BC0E00799409 /* Assets.xcassets in Resources */ = {isa = PBXBuildFile; fileRef = F50ED1572620BC0E00799409 /* Assets.xcassets */; };
		F50ED15B2620BC0E00799409 /* LaunchScreen.storyboard in Resources */ = {isa = PBXBuildFile; fileRef = F50ED1592620BC0E00799409 /* LaunchScreen.storyboard */; };
		F50ED1662620BC0F00799409 /* EventGroupTests.swift in Sources */ = {isa = PBXBuildFile; fileRef = F50ED1652620BC0F00799409 /* EventGroupTests.swift */; };
		F50ED1712620BC0F00799409 /* EventGroupUITests.swift in Sources */ = {isa = PBXBuildFile; fileRef = F50ED1702620BC0F00799409 /* EventGroupUITests.swift */; };
		F511C1702629CBFE00889907 /* README.md in Resources */ = {isa = PBXBuildFile; fileRef = F511C16F2629CBFE00889907 /* README.md */; };
		F59A6E042620E43500099F3C /* TableViewCell.swift in Sources */ = {isa = PBXBuildFile; fileRef = F59A6E032620E43500099F3C /* TableViewCell.swift */; };
		F59A6E0A2620E46600099F3C /* TVC.swift in Sources */ = {isa = PBXBuildFile; fileRef = F59A6E092620E46600099F3C /* TVC.swift */; };
		F59A6E122621213100099F3C /* detailVC.swift in Sources */ = {isa = PBXBuildFile; fileRef = F59A6E112621213100099F3C /* detailVC.swift */; };
		F59A6E17262121FA00099F3C /* Constants.swift in Sources */ = {isa = PBXBuildFile; fileRef = F59A6E16262121FA00099F3C /* Constants.swift */; };
		F59A6E1F262249A200099F3C /* event.swift in Sources */ = {isa = PBXBuildFile; fileRef = F59A6E1E262249A200099F3C /* event.swift */; };
		F5BCBCAE2634A69600966987 /* swift.gitignore in Resources */ = {isa = PBXBuildFile; fileRef = F5BCBCAD2634A69600966987 /* swift.gitignore */; };
		F66E41EF583202B790DAA1E6 /* Pods_EventGroup.framework in Frameworks */ = {isa = PBXBuildFile; fileRef = 56E9FA6153F77D3B4E32F652 /* Pods_EventGroup.framework */; };
/* End PBXBuildFile section */

/* Begin PBXContainerItemProxy section */
		F50ED1622620BC0F00799409 /* PBXContainerItemProxy */ = {
			isa = PBXContainerItemProxy;
			containerPortal = F50ED1432620BC0B00799409 /* Project object */;
			proxyType = 1;
			remoteGlobalIDString = F50ED14A2620BC0B00799409;
			remoteInfo = EventGroup;
		};
		F50ED16D2620BC0F00799409 /* PBXContainerItemProxy */ = {
			isa = PBXContainerItemProxy;
			containerPortal = F50ED1432620BC0B00799409 /* Project object */;
			proxyType = 1;
			remoteGlobalIDString = F50ED14A2620BC0B00799409;
			remoteInfo = EventGroup;
		};
/* End PBXContainerItemProxy section */

/* Begin PBXFileReference section */
		2161A3CF3437959179D52E20 /* Pods-EventGroup.debug.xcconfig */ = {isa = PBXFileReference; includeInIndex = 1; lastKnownFileType = text.xcconfig; name = "Pods-EventGroup.debug.xcconfig"; path = "Target Support Files/Pods-EventGroup/Pods-EventGroup.debug.xcconfig"; sourceTree = "<group>"; };
		56E9FA6153F77D3B4E32F652 /* Pods_EventGroup.framework */ = {isa = PBXFileReference; explicitFileType = wrapper.framework; includeInIndex = 0; path = Pods_EventGroup.framework; sourceTree = BUILT_PRODUCTS_DIR; };
		5F67C59A53C008685D4138B4 /* Pods_EventGroup_EventGroupUITests.framework */ = {isa = PBXFileReference; explicitFileType = wrapper.framework; includeInIndex = 0; path = Pods_EventGroup_EventGroupUITests.framework; sourceTree = BUILT_PRODUCTS_DIR; };
		67A549A9A7EF0F45B4FA8754 /* Pods-EventGroupTests.debug.xcconfig */ = {isa = PBXFileReference; includeInIndex = 1; lastKnownFileType = text.xcconfig; name = "Pods-EventGroupTests.debug.xcconfig"; path = "Target Support Files/Pods-EventGroupTests/Pods-EventGroupTests.debug.xcconfig"; sourceTree = "<group>"; };
		8C407306252596A079BA37CB /* Pods-EventGroupTests.release.xcconfig */ = {isa = PBXFileReference; includeInIndex = 1; lastKnownFileType = text.xcconfig; name = "Pods-EventGroupTests.release.xcconfig"; path = "Target Support Files/Pods-EventGroupTests/Pods-EventGroupTests.release.xcconfig"; sourceTree = "<group>"; };
		D91DEEBCCB9E5C7B0112B5F2 /* Pods_EventGroupTests.framework */ = {isa = PBXFileReference; explicitFileType = wrapper.framework; includeInIndex = 0; path = Pods_EventGroupTests.framework; sourceTree = BUILT_PRODUCTS_DIR; };
		DF6A9A0A4680B57CC5E9FC47 /* Pods-EventGroup-EventGroupUITests.release.xcconfig */ = {isa = PBXFileReference; includeInIndex = 1; lastKnownFileType = text.xcconfig; name = "Pods-EventGroup-EventGroupUITests.release.xcconfig"; path = "Target Support Files/Pods-EventGroup-EventGroupUITests/Pods-EventGroup-EventGroupUITests.release.xcconfig"; sourceTree = "<group>"; };
		EC65134BC0218BC3F700EA3E /* Pods-EventGroup.release.xcconfig */ = {isa = PBXFileReference; includeInIndex = 1; lastKnownFileType = text.xcconfig; name = "Pods-EventGroup.release.xcconfig"; path = "Target Support Files/Pods-EventGroup/Pods-EventGroup.release.xcconfig"; sourceTree = "<group>"; };
		F50ED14B2620BC0B00799409 /* EventGroup.app */ = {isa = PBXFileReference; explicitFileType = wrapper.application; includeInIndex = 0; path = EventGroup.app; sourceTree = BUILT_PRODUCTS_DIR; };
		F50ED14E2620BC0B00799409 /* AppDelegate.swift */ = {isa = PBXFileReference; lastKnownFileType = sourcecode.swift; path = AppDelegate.swift; sourceTree = "<group>"; };
		F50ED1502620BC0B00799409 /* SceneDelegate.swift */ = {isa = PBXFileReference; lastKnownFileType = sourcecode.swift; path = SceneDelegate.swift; sourceTree = "<group>"; };
		F50ED1522620BC0B00799409 /* MainVC.swift */ = {isa = PBXFileReference; lastKnownFileType = sourcecode.swift; path = MainVC.swift; sourceTree = "<group>"; };
		F50ED1552620BC0B00799409 /* Base */ = {isa = PBXFileReference; lastKnownFileType = file.storyboard; name = Base; path = Base.lproj/Main.storyboard; sourceTree = "<group>"; };
		F50ED1572620BC0E00799409 /* Assets.xcassets */ = {isa = PBXFileReference; lastKnownFileType = folder.assetcatalog; path = Assets.xcassets; sourceTree = "<group>"; };
		F50ED15A2620BC0E00799409 /* Base */ = {isa = PBXFileReference; lastKnownFileType = file.storyboard; name = Base; path = Base.lproj/LaunchScreen.storyboard; sourceTree = "<group>"; };
		F50ED15C2620BC0E00799409 /* Info.plist */ = {isa = PBXFileReference; lastKnownFileType = text.plist.xml; path = Info.plist; sourceTree = "<group>"; };
		F50ED1612620BC0F00799409 /* EventGroupTests.xctest */ = {isa = PBXFileReference; explicitFileType = wrapper.cfbundle; includeInIndex = 0; path = EventGroupTests.xctest; sourceTree = BUILT_PRODUCTS_DIR; };
		F50ED1652620BC0F00799409 /* EventGroupTests.swift */ = {isa = PBXFileReference; lastKnownFileType = sourcecode.swift; path = EventGroupTests.swift; sourceTree = "<group>"; };
		F50ED1672620BC0F00799409 /* Info.plist */ = {isa = PBXFileReference; lastKnownFileType = text.plist.xml; path = Info.plist; sourceTree = "<group>"; };
		F50ED16C2620BC0F00799409 /* EventGroupUITests.xctest */ = {isa = PBXFileReference; explicitFileType = wrapper.cfbundle; includeInIndex = 0; path = EventGroupUITests.xctest; sourceTree = BUILT_PRODUCTS_DIR; };
		F50ED1702620BC0F00799409 /* EventGroupUITests.swift */ = {isa = PBXFileReference; lastKnownFileType = sourcecode.swift; path = EventGroupUITests.swift; sourceTree = "<group>"; };
		F50ED1722620BC0F00799409 /* Info.plist */ = {isa = PBXFileReference; lastKnownFileType = text.plist.xml; path = Info.plist; sourceTree = "<group>"; };
		F511C16F2629CBFE00889907 /* README.md */ = {isa = PBXFileReference; fileEncoding = 4; lastKnownFileType = net.daringfireball.markdown; path = README.md; sourceTree = "<group>"; };
		F59A6E032620E43500099F3C /* TableViewCell.swift */ = {isa = PBXFileReference; lastKnownFileType = sourcecode.swift; path = TableViewCell.swift; sourceTree = "<group>"; };
		F59A6E092620E46600099F3C /* TVC.swift */ = {isa = PBXFileReference; lastKnownFileType = sourcecode.swift; path = TVC.swift; sourceTree = "<group>"; };
		F59A6E112621213100099F3C /* detailVC.swift */ = {isa = PBXFileReference; lastKnownFileType = sourcecode.swift; path = detailVC.swift; sourceTree = "<group>"; };
		F59A6E16262121FA00099F3C /* Constants.swift */ = {isa = PBXFileReference; lastKnownFileType = sourcecode.swift; path = Constants.swift; sourceTree = "<group>"; };
		F59A6E1E262249A200099F3C /* event.swift */ = {isa = PBXFileReference; lastKnownFileType = sourcecode.swift; path = event.swift; sourceTree = "<group>"; };
		F5BCBCAD2634A69600966987 /* swift.gitignore */ = {isa = PBXFileReference; lastKnownFileType = text; path = swift.gitignore; sourceTree = "<group>"; };
		F9A5DEC32343A2246525E54A /* Pods-EventGroup-EventGroupUITests.debug.xcconfig */ = {isa = PBXFileReference; includeInIndex = 1; lastKnownFileType = text.xcconfig; name = "Pods-EventGroup-EventGroupUITests.debug.xcconfig"; path = "Target Support Files/Pods-EventGroup-EventGroupUITests/Pods-EventGroup-EventGroupUITests.debug.xcconfig"; sourceTree = "<group>"; };
/* End PBXFileReference section */

/* Begin PBXFrameworksBuildPhase section */
		F50ED1482620BC0B00799409 /* Frameworks */ = {
			isa = PBXFrameworksBuildPhase;
			buildActionMask = 2147483647;
			files = (
				F66E41EF583202B790DAA1E6 /* Pods_EventGroup.framework in Frameworks */,
			);
			runOnlyForDeploymentPostprocessing = 0;
		};
		F50ED15E2620BC0F00799409 /* Frameworks */ = {
			isa = PBXFrameworksBuildPhase;
			buildActionMask = 2147483647;
			files = (
				8559414A825D7E0DC1DA6B72 /* Pods_EventGroupTests.framework in Frameworks */,
			);
			runOnlyForDeploymentPostprocessing = 0;
		};
		F50ED1692620BC0F00799409 /* Frameworks */ = {
			isa = PBXFrameworksBuildPhase;
			buildActionMask = 2147483647;
			files = (
				209665D0A050F2F04C79DA39 /* Pods_EventGroup_EventGroupUITests.framework in Frameworks */,
			);
			runOnlyForDeploymentPostprocessing = 0;
		};
/* End PBXFrameworksBuildPhase section */

/* Begin PBXGroup section */
		3429F2C172C1FD6A223CE1D7 /* Pods */ = {
			isa = PBXGroup;
			children = (
				2161A3CF3437959179D52E20 /* Pods-EventGroup.debug.xcconfig */,
				EC65134BC0218BC3F700EA3E /* Pods-EventGroup.release.xcconfig */,
				F9A5DEC32343A2246525E54A /* Pods-EventGroup-EventGroupUITests.debug.xcconfig */,
				DF6A9A0A4680B57CC5E9FC47 /* Pods-EventGroup-EventGroupUITests.release.xcconfig */,
				67A549A9A7EF0F45B4FA8754 /* Pods-EventGroupTests.debug.xcconfig */,
				8C407306252596A079BA37CB /* Pods-EventGroupTests.release.xcconfig */,
			);
			path = Pods;
			sourceTree = "<group>";
		};
		AC3BAEE1C361FC76EE5059C4 /* Frameworks */ = {
			isa = PBXGroup;
			children = (
				56E9FA6153F77D3B4E32F652 /* Pods_EventGroup.framework */,
				5F67C59A53C008685D4138B4 /* Pods_EventGroup_EventGroupUITests.framework */,
				D91DEEBCCB9E5C7B0112B5F2 /* Pods_EventGroupTests.framework */,
			);
			name = Frameworks;
			sourceTree = "<group>";
		};
		F50ED1422620BC0B00799409 = {
			isa = PBXGroup;
			children = (
				F5BCBCAD2634A69600966987 /* swift.gitignore */,
				F511C16F2629CBFE00889907 /* README.md */,
				F50ED14D2620BC0B00799409 /* EventGroup */,
				F50ED1642620BC0F00799409 /* EventGroupTests */,
				F50ED16F2620BC0F00799409 /* EventGroupUITests */,
				F50ED14C2620BC0B00799409 /* Products */,
				3429F2C172C1FD6A223CE1D7 /* Pods */,
				AC3BAEE1C361FC76EE5059C4 /* Frameworks */,
			);
			sourceTree = "<group>";
		};
		F50ED14C2620BC0B00799409 /* Products */ = {
			isa = PBXGroup;
			children = (
				F50ED14B2620BC0B00799409 /* EventGroup.app */,
				F50ED1612620BC0F00799409 /* EventGroupTests.xctest */,
				F50ED16C2620BC0F00799409 /* EventGroupUITests.xctest */,
			);
			name = Products;
			sourceTree = "<group>";
		};
		F50ED14D2620BC0B00799409 /* EventGroup */ = {
			isa = PBXGroup;
			children = (
				F50ED14E2620BC0B00799409 /* AppDelegate.swift */,
				F50ED1502620BC0B00799409 /* SceneDelegate.swift */,
				F59A6E16262121FA00099F3C /* Constants.swift */,
				F50ED1542620BC0B00799409 /* Main.storyboard */,
				F50ED1522620BC0B00799409 /* MainVC.swift */,
				F59A6E082620E44300099F3C /* TableView */,
				F50ED1572620BC0E00799409 /* Assets.xcassets */,
				F50ED1592620BC0E00799409 /* LaunchScreen.storyboard */,
				F50ED15C2620BC0E00799409 /* Info.plist */,
			);
			path = EventGroup;
			sourceTree = "<group>";
		};
		F50ED1642620BC0F00799409 /* EventGroupTests */ = {
			isa = PBXGroup;
			children = (
				F50ED1652620BC0F00799409 /* EventGroupTests.swift */,
				F50ED1672620BC0F00799409 /* Info.plist */,
			);
			path = EventGroupTests;
			sourceTree = "<group>";
		};
		F50ED16F2620BC0F00799409 /* EventGroupUITests */ = {
			isa = PBXGroup;
			children = (
				F50ED1702620BC0F00799409 /* EventGroupUITests.swift */,
				F50ED1722620BC0F00799409 /* Info.plist */,
			);
			path = EventGroupUITests;
			sourceTree = "<group>";
		};
		F59A6E082620E44300099F3C /* TableView */ = {
			isa = PBXGroup;
			children = (
				F59A6E032620E43500099F3C /* TableViewCell.swift */,
				F59A6E092620E46600099F3C /* TVC.swift */,
				F59A6E112621213100099F3C /* detailVC.swift */,
				F59A6E1E262249A200099F3C /* event.swift */,
			);
			path = TableView;
			sourceTree = "<group>";
		};
/* End PBXGroup section */

/* Begin PBXNativeTarget section */
		F50ED14A2620BC0B00799409 /* EventGroup */ = {
			isa = PBXNativeTarget;
			buildConfigurationList = F50ED1752620BC0F00799409 /* Build configuration list for PBXNativeTarget "EventGroup" */;
			buildPhases = (
				E307A47480A6978594585D19 /* [CP] Check Pods Manifest.lock */,
				F50ED1472620BC0B00799409 /* Sources */,
				F50ED1482620BC0B00799409 /* Frameworks */,
				F50ED1492620BC0B00799409 /* Resources */,
				20A182ED34A260DD383FCC62 /* [CP] Embed Pods Frameworks */,
			);
			buildRules = (
			);
			dependencies = (
			);
			name = EventGroup;
			productName = EventGroup;
			productReference = F50ED14B2620BC0B00799409 /* EventGroup.app */;
			productType = "com.apple.product-type.application";
		};
		F50ED1602620BC0F00799409 /* EventGroupTests */ = {
			isa = PBXNativeTarget;
			buildConfigurationList = F50ED1782620BC0F00799409 /* Build configuration list for PBXNativeTarget "EventGroupTests" */;
			buildPhases = (
				B77FA812A81B3848E41B9548 /* [CP] Check Pods Manifest.lock */,
				F50ED15D2620BC0F00799409 /* Sources */,
				F50ED15E2620BC0F00799409 /* Frameworks */,
				F50ED15F2620BC0F00799409 /* Resources */,
			);
			buildRules = (
			);
			dependencies = (
				F50ED1632620BC0F00799409 /* PBXTargetDependency */,
			);
			name = EventGroupTests;
			productName = EventGroupTests;
			productReference = F50ED1612620BC0F00799409 /* EventGroupTests.xctest */;
			productType = "com.apple.product-type.bundle.unit-test";
		};
		F50ED16B2620BC0F00799409 /* EventGroupUITests */ = {
			isa = PBXNativeTarget;
			buildConfigurationList = F50ED17B2620BC0F00799409 /* Build configuration list for PBXNativeTarget "EventGroupUITests" */;
			buildPhases = (
				A29E988C9D2995657E4C954B /* [CP] Check Pods Manifest.lock */,
				F50ED1682620BC0F00799409 /* Sources */,
				F50ED1692620BC0F00799409 /* Frameworks */,
				F50ED16A2620BC0F00799409 /* Resources */,
				001282F9DD6D257EF0330182 /* [CP] Embed Pods Frameworks */,
			);
			buildRules = (
			);
			dependencies = (
				F50ED16E2620BC0F00799409 /* PBXTargetDependency */,
			);
			name = EventGroupUITests;
			productName = EventGroupUITests;
			productReference = F50ED16C2620BC0F00799409 /* EventGroupUITests.xctest */;
			productType = "com.apple.product-type.bundle.ui-testing";
		};
/* End PBXNativeTarget section */

/* Begin PBXProject section */
		F50ED1432620BC0B00799409 /* Project object */ = {
			isa = PBXProject;
			attributes = {
				LastSwiftUpdateCheck = 1240;
				LastUpgradeCheck = 1240;
				TargetAttributes = {
					F50ED14A2620BC0B00799409 = {
						CreatedOnToolsVersion = 12.4;
					};
					F50ED1602620BC0F00799409 = {
						CreatedOnToolsVersion = 12.4;
						TestTargetID = F50ED14A2620BC0B00799409;
					};
					F50ED16B2620BC0F00799409 = {
						CreatedOnToolsVersion = 12.4;
						TestTargetID = F50ED14A2620BC0B00799409;
					};
				};
			};
			buildConfigurationList = F50ED1462620BC0B00799409 /* Build configuration list for PBXProject "EventGroup" */;
			compatibilityVersion = "Xcode 9.3";
			developmentRegion = en;
			hasScannedForEncodings = 0;
			knownRegions = (
				en,
				Base,
			);
			mainGroup = F50ED1422620BC0B00799409;
			productRefGroup = F50ED14C2620BC0B00799409 /* Products */;
			projectDirPath = "";
			projectRoot = "";
			targets = (
				F50ED14A2620BC0B00799409 /* EventGroup */,
				F50ED1602620BC0F00799409 /* EventGroupTests */,
				F50ED16B2620BC0F00799409 /* EventGroupUITests */,
			);
		};
/* End PBXProject section */

/* Begin PBXResourcesBuildPhase section */
		F50ED1492620BC0B00799409 /* Resources */ = {
			isa = PBXResourcesBuildPhase;
			buildActionMask = 2147483647;
			files = (
				F50ED15B2620BC0E00799409 /* LaunchScreen.storyboard in Resources */,
				F50ED1582620BC0E00799409 /* Assets.xcassets in Resources */,
				F5BCBCAE2634A69600966987 /* swift.gitignore in Resources */,
				F511C1702629CBFE00889907 /* README.md in Resources */,
				F50ED1562620BC0B00799409 /* Main.storyboard in Resources */,
			);
			runOnlyForDeploymentPostprocessing = 0;
		};
		F50ED15F2620BC0F00799409 /* Resources */ = {
			isa = PBXResourcesBuildPhase;
			buildActionMask = 2147483647;
			files = (
			);
			runOnlyForDeploymentPostprocessing = 0;
		};
		F50ED16A2620BC0F00799409 /* Resources */ = {
			isa = PBXResourcesBuildPhase;
			buildActionMask = 2147483647;
			files = (
			);
			runOnlyForDeploymentPostprocessing = 0;
		};
/* End PBXResourcesBuildPhase section */

/* Begin PBXShellScriptBuildPhase section */
		001282F9DD6D257EF0330182 /* [CP] Embed Pods Frameworks */ = {
			isa = PBXShellScriptBuildPhase;
			buildActionMask = 2147483647;
			files = (
			);
			inputFileListPaths = (
				"${PODS_ROOT}/Target Support Files/Pods-EventGroup-EventGroupUITests/Pods-EventGroup-EventGroupUITests-frameworks-${CONFIGURATION}-input-files.xcfilelist",
			);
			name = "[CP] Embed Pods Frameworks";
			outputFileListPaths = (
				"${PODS_ROOT}/Target Support Files/Pods-EventGroup-EventGroupUITests/Pods-EventGroup-EventGroupUITests-frameworks-${CONFIGURATION}-output-files.xcfilelist",
			);
			runOnlyForDeploymentPostprocessing = 0;
			shellPath = /bin/sh;
			shellScript = "\"${PODS_ROOT}/Target Support Files/Pods-EventGroup-EventGroupUITests/Pods-EventGroup-EventGroupUITests-frameworks.sh\"\n";
			showEnvVarsInLog = 0;
		};
		20A182ED34A260DD383FCC62 /* [CP] Embed Pods Frameworks */ = {
			isa = PBXShellScriptBuildPhase;
			buildActionMask = 2147483647;
			files = (
			);
			inputFileListPaths = (
				"${PODS_ROOT}/Target Support Files/Pods-EventGroup/Pods-EventGroup-frameworks-${CONFIGURATION}-input-files.xcfilelist",
			);
			name = "[CP] Embed Pods Frameworks";
			outputFileListPaths = (
				"${PODS_ROOT}/Target Support Files/Pods-EventGroup/Pods-EventGroup-frameworks-${CONFIGURATION}-output-files.xcfilelist",
			);
			runOnlyForDeploymentPostprocessing = 0;
			shellPath = /bin/sh;
			shellScript = "\"${PODS_ROOT}/Target Support Files/Pods-EventGroup/Pods-EventGroup-frameworks.sh\"\n";
			showEnvVarsInLog = 0;
		};
		A29E988C9D2995657E4C954B /* [CP] Check Pods Manifest.lock */ = {
			isa = PBXShellScriptBuildPhase;
			buildActionMask = 2147483647;
			files = (
			);
			inputFileListPaths = (
			);
			inputPaths = (
				"${PODS_PODFILE_DIR_PATH}/Podfile.lock",
				"${PODS_ROOT}/Manifest.lock",
			);
			name = "[CP] Check Pods Manifest.lock";
			outputFileListPaths = (
			);
			outputPaths = (
				"$(DERIVED_FILE_DIR)/Pods-EventGroup-EventGroupUITests-checkManifestLockResult.txt",
			);
			runOnlyForDeploymentPostprocessing = 0;
			shellPath = /bin/sh;
			shellScript = "diff \"${PODS_PODFILE_DIR_PATH}/Podfile.lock\" \"${PODS_ROOT}/Manifest.lock\" > /dev/null\nif [ $? != 0 ] ; then\n    # print error to STDERR\n    echo \"error: The sandbox is not in sync with the Podfile.lock. Run 'pod install' or update your CocoaPods installation.\" >&2\n    exit 1\nfi\n# This output is used by Xcode 'outputs' to avoid re-running this script phase.\necho \"SUCCESS\" > \"${SCRIPT_OUTPUT_FILE_0}\"\n";
			showEnvVarsInLog = 0;
		};
		B77FA812A81B3848E41B9548 /* [CP] Check Pods Manifest.lock */ = {
			isa = PBXShellScriptBuildPhase;
			buildActionMask = 2147483647;
			files = (
			);
			inputFileListPaths = (
			);
			inputPaths = (
				"${PODS_PODFILE_DIR_PATH}/Podfile.lock",
				"${PODS_ROOT}/Manifest.lock",
			);
			name = "[CP] Check Pods Manifest.lock";
			outputFileListPaths = (
			);
			outputPaths = (
				"$(DERIVED_FILE_DIR)/Pods-EventGroupTests-checkManifestLockResult.txt",
			);
			runOnlyForDeploymentPostprocessing = 0;
			shellPath = /bin/sh;
			shellScript = "diff \"${PODS_PODFILE_DIR_PATH}/Podfile.lock\" \"${PODS_ROOT}/Manifest.lock\" > /dev/null\nif [ $? != 0 ] ; then\n    # print error to STDERR\n    echo \"error: The sandbox is not in sync with the Podfile.lock. Run 'pod install' or update your CocoaPods installation.\" >&2\n    exit 1\nfi\n# This output is used by Xcode 'outputs' to avoid re-running this script phase.\necho \"SUCCESS\" > \"${SCRIPT_OUTPUT_FILE_0}\"\n";
			showEnvVarsInLog = 0;
		};
		E307A47480A6978594585D19 /* [CP] Check Pods Manifest.lock */ = {
			isa = PBXShellScriptBuildPhase;
			buildActionMask = 2147483647;
			files = (
			);
			inputFileListPaths = (
			);
			inputPaths = (
				"${PODS_PODFILE_DIR_PATH}/Podfile.lock",
				"${PODS_ROOT}/Manifest.lock",
			);
			name = "[CP] Check Pods Manifest.lock";
			outputFileListPaths = (
			);
			outputPaths = (
				"$(DERIVED_FILE_DIR)/Pods-EventGroup-checkManifestLockResult.txt",
			);
			runOnlyForDeploymentPostprocessing = 0;
			shellPath = /bin/sh;
			shellScript = "diff \"${PODS_PODFILE_DIR_PATH}/Podfile.lock\" \"${PODS_ROOT}/Manifest.lock\" > /dev/null\nif [ $? != 0 ] ; then\n    # print error to STDERR\n    echo \"error: The sandbox is not in sync with the Podfile.lock. Run 'pod install' or update your CocoaPods installation.\" >&2\n    exit 1\nfi\n# This output is used by Xcode 'outputs' to avoid re-running this script phase.\necho \"SUCCESS\" > \"${SCRIPT_OUTPUT_FILE_0}\"\n";
			showEnvVarsInLog = 0;
		};
/* End PBXShellScriptBuildPhase section */

/* Begin PBXSourcesBuildPhase section */
		F50ED1472620BC0B00799409 /* Sources */ = {
			isa = PBXSourcesBuildPhase;
			buildActionMask = 2147483647;
			files = (
				F59A6E1F262249A200099F3C /* event.swift in Sources */,
				F50ED1532620BC0B00799409 /* MainVC.swift in Sources */,
				F59A6E042620E43500099F3C /* TableViewCell.swift in Sources */,
				F50ED14F2620BC0B00799409 /* AppDelegate.swift in Sources */,
				F59A6E122621213100099F3C /* detailVC.swift in Sources */,
				F59A6E17262121FA00099F3C /* Constants.swift in Sources */,
				F59A6E0A2620E46600099F3C /* TVC.swift in Sources */,
				F50ED1512620BC0B00799409 /* SceneDelegate.swift in Sources */,
			);
			runOnlyForDeploymentPostprocessing = 0;
		};
		F50ED15D2620BC0F00799409 /* Sources */ = {
			isa = PBXSourcesBuildPhase;
			buildActionMask = 2147483647;
			files = (
				F50ED1662620BC0F00799409 /* EventGroupTests.swift in Sources */,
			);
			runOnlyForDeploymentPostprocessing = 0;
		};
		F50ED1682620BC0F00799409 /* Sources */ = {
			isa = PBXSourcesBuildPhase;
			buildActionMask = 2147483647;
			files = (
				F50ED1712620BC0F00799409 /* EventGroupUITests.swift in Sources */,
			);
			runOnlyForDeploymentPostprocessing = 0;
		};
/* End PBXSourcesBuildPhase section */

/* Begin PBXTargetDependency section */
		F50ED1632620BC0F00799409 /* PBXTargetDependency */ = {
			isa = PBXTargetDependency;
			target = F50ED14A2620BC0B00799409 /* EventGroup */;
			targetProxy = F50ED1622620BC0F00799409 /* PBXContainerItemProxy */;
		};
		F50ED16E2620BC0F00799409 /* PBXTargetDependency */ = {
			isa = PBXTargetDependency;
			target = F50ED14A2620BC0B00799409 /* EventGroup */;
			targetProxy = F50ED16D2620BC0F00799409 /* PBXContainerItemProxy */;
		};
/* End PBXTargetDependency section */

/* Begin PBXVariantGroup section */
		F50ED1542620BC0B00799409 /* Main.storyboard */ = {
			isa = PBXVariantGroup;
			children = (
				F50ED1552620BC0B00799409 /* Base */,
			);
			name = Main.storyboard;
			sourceTree = "<group>";
		};
		F50ED1592620BC0E00799409 /* LaunchScreen.storyboard */ = {
			isa = PBXVariantGroup;
			children = (
				F50ED15A2620BC0E00799409 /* Base */,
			);
			name = LaunchScreen.storyboard;
			sourceTree = "<group>";
		};
/* End PBXVariantGroup section */

/* Begin XCBuildConfiguration section */
		F50ED1732620BC0F00799409 /* Debug */ = {
			isa = XCBuildConfiguration;
			buildSettings = {
				ALWAYS_SEARCH_USER_PATHS = NO;
				CLANG_ANALYZER_NONNULL = YES;
				CLANG_ANALYZER_NUMBER_OBJECT_CONVERSION = YES_AGGRESSIVE;
				CLANG_CXX_LANGUAGE_STANDARD = "gnu++14";
				CLANG_CXX_LIBRARY = "libc++";
				CLANG_ENABLE_MODULES = YES;
				CLANG_ENABLE_OBJC_ARC = YES;
				CLANG_ENABLE_OBJC_WEAK = YES;
				CLANG_WARN_BLOCK_CAPTURE_AUTORELEASING = YES;
				CLANG_WARN_BOOL_CONVERSION = YES;
				CLANG_WARN_COMMA = YES;
				CLANG_WARN_CONSTANT_CONVERSION = YES;
				CLANG_WARN_DEPRECATED_OBJC_IMPLEMENTATIONS = YES;
				CLANG_WARN_DIRECT_OBJC_ISA_USAGE = YES_ERROR;
				CLANG_WARN_DOCUMENTATION_COMMENTS = YES;
				CLANG_WARN_EMPTY_BODY = YES;
				CLANG_WARN_ENUM_CONVERSION = YES;
				CLANG_WARN_INFINITE_RECURSION = YES;
				CLANG_WARN_INT_CONVERSION = YES;
				CLANG_WARN_NON_LITERAL_NULL_CONVERSION = YES;
				CLANG_WARN_OBJC_IMPLICIT_RETAIN_SELF = YES;
				CLANG_WARN_OBJC_LITERAL_CONVERSION = YES;
				CLANG_WARN_OBJC_ROOT_CLASS = YES_ERROR;
				CLANG_WARN_QUOTED_INCLUDE_IN_FRAMEWORK_HEADER = YES;
				CLANG_WARN_RANGE_LOOP_ANALYSIS = YES;
				CLANG_WARN_STRICT_PROTOTYPES = YES;
				CLANG_WARN_SUSPICIOUS_MOVE = YES;
				CLANG_WARN_UNGUARDED_AVAILABILITY = YES_AGGRESSIVE;
				CLANG_WARN_UNREACHABLE_CODE = YES;
				CLANG_WARN__DUPLICATE_METHOD_MATCH = YES;
				COPY_PHASE_STRIP = NO;
				DEBUG_INFORMATION_FORMAT = dwarf;
				ENABLE_STRICT_OBJC_MSGSEND = YES;
				ENABLE_TESTABILITY = YES;
				GCC_C_LANGUAGE_STANDARD = gnu11;
				GCC_DYNAMIC_NO_PIC = NO;
				GCC_NO_COMMON_BLOCKS = YES;
				GCC_OPTIMIZATION_LEVEL = 0;
				GCC_PREPROCESSOR_DEFINITIONS = (
					"DEBUG=1",
					"$(inherited)",
				);
				GCC_WARN_64_TO_32_BIT_CONVERSION = YES;
				GCC_WARN_ABOUT_RETURN_TYPE = YES_ERROR;
				GCC_WARN_UNDECLARED_SELECTOR = YES;
				GCC_WARN_UNINITIALIZED_AUTOS = YES_AGGRESSIVE;
				GCC_WARN_UNUSED_FUNCTION = YES;
				GCC_WARN_UNUSED_VARIABLE = YES;
				IPHONEOS_DEPLOYMENT_TARGET = 12.1;
				MTL_ENABLE_DEBUG_INFO = INCLUDE_SOURCE;
				MTL_FAST_MATH = YES;
				ONLY_ACTIVE_ARCH = YES;
				SDKROOT = iphoneos;
				SWIFT_ACTIVE_COMPILATION_CONDITIONS = DEBUG;
				SWIFT_OPTIMIZATION_LEVEL = "-Onone";
			};
			name = Debug;
		};
		F50ED1742620BC0F00799409 /* Release */ = {
			isa = XCBuildConfiguration;
			buildSettings = {
				ALWAYS_SEARCH_USER_PATHS = NO;
				CLANG_ANALYZER_NONNULL = YES;
				CLANG_ANALYZER_NUMBER_OBJECT_CONVERSION = YES_AGGRESSIVE;
				CLANG_CXX_LANGUAGE_STANDARD = "gnu++14";
				CLANG_CXX_LIBRARY = "libc++";
				CLANG_ENABLE_MODULES = YES;
				CLANG_ENABLE_OBJC_ARC = YES;
				CLANG_ENABLE_OBJC_WEAK = YES;
				CLANG_WARN_BLOCK_CAPTURE_AUTORELEASING = YES;
				CLANG_WARN_BOOL_CONVERSION = YES;
				CLANG_WARN_COMMA = YES;
				CLANG_WARN_CONSTANT_CONVERSION = YES;
				CLANG_WARN_DEPRECATED_OBJC_IMPLEMENTATIONS = YES;
				CLANG_WARN_DIRECT_OBJC_ISA_USAGE = YES_ERROR;
				CLANG_WARN_DOCUMENTATION_COMMENTS = YES;
				CLANG_WARN_EMPTY_BODY = YES;
				CLANG_WARN_ENUM_CONVERSION = YES;
				CLANG_WARN_INFINITE_RECURSION = YES;
				CLANG_WARN_INT_CONVERSION = YES;
				CLANG_WARN_NON_LITERAL_NULL_CONVERSION = YES;
				CLANG_WARN_OBJC_IMPLICIT_RETAIN_SELF = YES;
				CLANG_WARN_OBJC_LITERAL_CONVERSION = YES;
				CLANG_WARN_OBJC_ROOT_CLASS = YES_ERROR;
				CLANG_WARN_QUOTED_INCLUDE_IN_FRAMEWORK_HEADER = YES;
				CLANG_WARN_RANGE_LOOP_ANALYSIS = YES;
				CLANG_WARN_STRICT_PROTOTYPES = YES;
				CLANG_WARN_SUSPICIOUS_MOVE = YES;
				CLANG_WARN_UNGUARDED_AVAILABILITY = YES_AGGRESSIVE;
				CLANG_WARN_UNREACHABLE_CODE = YES;
				CLANG_WARN__DUPLICATE_METHOD_MATCH = YES;
				COPY_PHASE_STRIP = NO;
				DEBUG_INFORMATION_FORMAT = "dwarf-with-dsym";
				ENABLE_NS_ASSERTIONS = NO;
				ENABLE_STRICT_OBJC_MSGSEND = YES;
				GCC_C_LANGUAGE_STANDARD = gnu11;
				GCC_NO_COMMON_BLOCKS = YES;
				GCC_WARN_64_TO_32_BIT_CONVERSION = YES;
				GCC_WARN_ABOUT_RETURN_TYPE = YES_ERROR;
				GCC_WARN_UNDECLARED_SELECTOR = YES;
				GCC_WARN_UNINITIALIZED_AUTOS = YES_AGGRESSIVE;
				GCC_WARN_UNUSED_FUNCTION = YES;
				GCC_WARN_UNUSED_VARIABLE = YES;
				IPHONEOS_DEPLOYMENT_TARGET = 12.1;
				MTL_ENABLE_DEBUG_INFO = NO;
				MTL_FAST_MATH = YES;
				SDKROOT = iphoneos;
				SWIFT_COMPILATION_MODE = wholemodule;
				SWIFT_OPTIMIZATION_LEVEL = "-O";
				VALIDATE_PRODUCT = YES;
			};
			name = Release;
		};
		F50ED1762620BC0F00799409 /* Debug */ = {
			isa = XCBuildConfiguration;
			baseConfigurationReference = 2161A3CF3437959179D52E20 /* Pods-EventGroup.debug.xcconfig */;
			buildSettings = {
				ASSETCATALOG_COMPILER_APPICON_NAME = AppIcon;
				ASSETCATALOG_COMPILER_GLOBAL_ACCENT_COLOR_NAME = AccentColor;
				CODE_SIGN_STYLE = Automatic;
				DEVELOPMENT_TEAM = V9YW4H59N3;
				INFOPLIST_FILE = EventGroup/Info.plist;
				IPHONEOS_DEPLOYMENT_TARGET = 12.1;
				LD_RUNPATH_SEARCH_PATHS = (
					"$(inherited)",
					"@executable_path/Frameworks",
				);
				PRODUCT_BUNDLE_IDENTIFIER = jlu39.EventGroup;
				PRODUCT_NAME = "$(TARGET_NAME)";
				SWIFT_VERSION = 5.0;
				TARGETED_DEVICE_FAMILY = "1,2";
			};
			name = Debug;
		};
		F50ED1772620BC0F00799409 /* Release */ = {
			isa = XCBuildConfiguration;
			baseConfigurationReference = EC65134BC0218BC3F700EA3E /* Pods-EventGroup.release.xcconfig */;
			buildSettings = {
				ASSETCATALOG_COMPILER_APPICON_NAME = AppIcon;
				ASSETCATALOG_COMPILER_GLOBAL_ACCENT_COLOR_NAME = AccentColor;
				CODE_SIGN_STYLE = Automatic;
				DEVELOPMENT_TEAM = V9YW4H59N3;
				INFOPLIST_FILE = EventGroup/Info.plist;
				IPHONEOS_DEPLOYMENT_TARGET = 12.1;
				LD_RUNPATH_SEARCH_PATHS = (
					"$(inherited)",
					"@executable_path/Frameworks",
				);
				PRODUCT_BUNDLE_IDENTIFIER = jlu39.EventGroup;
				PRODUCT_NAME = "$(TARGET_NAME)";
				SWIFT_VERSION = 5.0;
				TARGETED_DEVICE_FAMILY = "1,2";
			};
			name = Release;
		};
		F50ED1792620BC0F00799409 /* Debug */ = {
			isa = XCBuildConfiguration;
			baseConfigurationReference = 67A549A9A7EF0F45B4FA8754 /* Pods-EventGroupTests.debug.xcconfig */;
			buildSettings = {
				ALWAYS_EMBED_SWIFT_STANDARD_LIBRARIES = YES;
				BUNDLE_LOADER = "$(TEST_HOST)";
				CODE_SIGN_STYLE = Automatic;
				DEVELOPMENT_TEAM = V9YW4H59N3;
				INFOPLIST_FILE = EventGroupTests/Info.plist;
				IPHONEOS_DEPLOYMENT_TARGET = 14.4;
				LD_RUNPATH_SEARCH_PATHS = (
					"$(inherited)",
					"@executable_path/Frameworks",
					"@loader_path/Frameworks",
				);
				PRODUCT_BUNDLE_IDENTIFIER = jlu39.EventGroupTests;
				PRODUCT_NAME = "$(TARGET_NAME)";
				SWIFT_VERSION = 5.0;
				TARGETED_DEVICE_FAMILY = "1,2";
				TEST_HOST = "$(BUILT_PRODUCTS_DIR)/EventGroup.app/EventGroup";
			};
			name = Debug;
		};
		F50ED17A2620BC0F00799409 /* Release */ = {
			isa = XCBuildConfiguration;
			baseConfigurationReference = 8C407306252596A079BA37CB /* Pods-EventGroupTests.release.xcconfig */;
			buildSettings = {
				ALWAYS_EMBED_SWIFT_STANDARD_LIBRARIES = YES;
				BUNDLE_LOADER = "$(TEST_HOST)";
				CODE_SIGN_STYLE = Automatic;
				DEVELOPMENT_TEAM = V9YW4H59N3;
				INFOPLIST_FILE = EventGroupTests/Info.plist;
				IPHONEOS_DEPLOYMENT_TARGET = 14.4;
				LD_RUNPATH_SEARCH_PATHS = (
					"$(inherited)",
					"@executable_path/Frameworks",
					"@loader_path/Frameworks",
				);
				PRODUCT_BUNDLE_IDENTIFIER = jlu39.EventGroupTests;
				PRODUCT_NAME = "$(TARGET_NAME)";
				SWIFT_VERSION = 5.0;
				TARGETED_DEVICE_FAMILY = "1,2";
				TEST_HOST = "$(BUILT_PRODUCTS_DIR)/EventGroup.app/EventGroup";
			};
			name = Release;
		};
		F50ED17C2620BC0F00799409 /* Debug */ = {
			isa = XCBuildConfiguration;
			baseConfigurationReference = F9A5DEC32343A2246525E54A /* Pods-EventGroup-EventGroupUITests.debug.xcconfig */;
			buildSettings = {
				ALWAYS_EMBED_SWIFT_STANDARD_LIBRARIES = YES;
				CODE_SIGN_STYLE = Automatic;
				DEVELOPMENT_TEAM = V9YW4H59N3;
				INFOPLIST_FILE = EventGroupUITests/Info.plist;
				LD_RUNPATH_SEARCH_PATHS = (
					"$(inherited)",
					"@executable_path/Frameworks",
					"@loader_path/Frameworks",
				);
				PRODUCT_BUNDLE_IDENTIFIER = jlu39.EventGroupUITests;
				PRODUCT_NAME = "$(TARGET_NAME)";
				SWIFT_VERSION = 5.0;
				TARGETED_DEVICE_FAMILY = "1,2";
				TEST_TARGET_NAME = EventGroup;
			};
			name = Debug;
		};
		F50ED17D2620BC0F00799409 /* Release */ = {
			isa = XCBuildConfiguration;
			baseConfigurationReference = DF6A9A0A4680B57CC5E9FC47 /* Pods-EventGroup-EventGroupUITests.release.xcconfig */;
			buildSettings = {
				ALWAYS_EMBED_SWIFT_STANDARD_LIBRARIES = YES;
				CODE_SIGN_STYLE = Automatic;
				DEVELOPMENT_TEAM = V9YW4H59N3;
				INFOPLIST_FILE = EventGroupUITests/Info.plist;
				LD_RUNPATH_SEARCH_PATHS = (
					"$(inherited)",
					"@executable_path/Frameworks",
					"@loader_path/Frameworks",
				);
				PRODUCT_BUNDLE_IDENTIFIER = jlu39.EventGroupUITests;
				PRODUCT_NAME = "$(TARGET_NAME)";
				SWIFT_VERSION = 5.0;
				TARGETED_DEVICE_FAMILY = "1,2";
				TEST_TARGET_NAME = EventGroup;
			};
			name = Release;
		};
/* End XCBuildConfiguration section */

/* Begin XCConfigurationList section */
		F50ED1462620BC0B00799409 /* Build configuration list for PBXProject "EventGroup" */ = {
			isa = XCConfigurationList;
			buildConfigurations = (
				F50ED1732620BC0F00799409 /* Debug */,
				F50ED1742620BC0F00799409 /* Release */,
			);
			defaultConfigurationIsVisible = 0;
			defaultConfigurationName = Release;
		};
		F50ED1752620BC0F00799409 /* Build configuration list for PBXNativeTarget "EventGroup" */ = {
			isa = XCConfigurationList;
			buildConfigurations = (
				F50ED1762620BC0F00799409 /* Debug */,
				F50ED1772620BC0F00799409 /* Release */,
			);
			defaultConfigurationIsVisible = 0;
			defaultConfigurationName = Release;
		};
		F50ED1782620BC0F00799409 /* Build configuration list for PBXNativeTarget "EventGroupTests" */ = {
			isa = XCConfigurationList;
			buildConfigurations = (
				F50ED1792620BC0F00799409 /* Debug */,
				F50ED17A2620BC0F00799409 /* Release */,
			);
			defaultConfigurationIsVisible = 0;
			defaultConfigurationName = Release;
		};
		F50ED17B2620BC0F00799409 /* Build configuration list for PBXNativeTarget "EventGroupUITests" */ = {
			isa = XCConfigurationList;
			buildConfigurations = (
				F50ED17C2620BC0F00799409 /* Debug */,
				F50ED17D2620BC0F00799409 /* Release */,
			);
			defaultConfigurationIsVisible = 0;
			defaultConfigurationName = Release;
		};
/* End XCConfigurationList section */
	};
	rootObject = F50ED1432620BC0B00799409 /* Project object */;
}
